
Microsoft Visual Studio Solution File, Format Version 12.00
# Visual Studio Version 17
VisualStudioVersion = 17.0.31903.59
MinimumVisualStudioVersion = 10.0.40219.1
Project("{2150E333-8FDC-42A3-9474-1A3956D46DE8}") = "src", "src", "{35ECC1FC-5E2A-4372-8DB1-DC3CCF41C6B2}"
EndProject
Project("{FAE04EC0-301F-11D3-BF4B-00C04F79EFBC}") = "Wasta.Ai", "src\Wasta.Ai\Wasta.Ai.csproj", "{C5888B0B-BA50-449B-8B9A-78834869267A}"
EndProject
Project("{FAE04EC0-301F-11D3-BF4B-00C04F79EFBC}") = "Wasta.CareerCoach", "src\Wasta.CareerCoach\Wasta.CareerCoach.csproj", "{B3022286-F69A-4578-AF2C-FE6864D90702}"
EndProject
Project("{FAE04EC0-301F-11D3-BF4B-00C04F79EFBC}") = "Wasta.SupportChat", "src\Wasta.SupportChat\Wasta.SupportChat.csproj", "{24F94D6C-C557-4A19-A8BE-2B665C721498}"
EndProject
Project("{FAE04EC0-301F-11D3-BF4B-00C04F79EFBC}") = "Wasta.DevHost", "src\Wasta.DevHost\Wasta.DevHost.csproj", "{13C46769-F59C-4263-96F6-27EB22BFEC2A}"
EndProject
Project("{2150E333-8FDC-42A3-9474-1A3956D46DE8}") = "tests", "tests", "{95896C65-8860-4ED2-8438-998FA4939F48}"
EndProject
Project("{FAE04EC0-301F-11D3-BF4B-00C04F79EFBC}") = "Wasta.CareerCoach.Tests", "tests\Wasta.CareerCoach.Tests\Wasta.CareerCoach.Tests.csproj", "{303DD404-1391-4B4A-B55D-07358D34E917}"
EndProject
Project("{FAE04EC0-301F-11D3-BF4B-00C04F79EFBC}") = "Wasta.SupportChat.Tests", "tests\Wasta.SupportChat.Tests\Wasta.SupportChat.Tests.csproj", "{2CD2E99E-4171-4A5D-9150-F355B055960F}"
EndProject
Project("{FAE04EC0-301F-11D3-BF4B-00C04F79EFBC}") = "Wasta.Domain", "src\Wasta.Domain\Wasta.Domain.csproj", "{F19729E1-C4F3-40D0-B3A6-B085B390BCD3}"
EndProject
Project("{FAE04EC0-301F-11D3-BF4B-00C04F79EFBC}") = "Wasta.Application", "src\Wasta.Application\Wasta.Application.csproj", "{9C02CF82-F405-4D4A-9FCC-BD32851C2A24}"
EndProject
Project("{FAE04EC0-301F-11D3-BF4B-00C04F79EFBC}") = "Wasta.Infrastructure", "src\Wasta.Infrastructure\Wasta.Infrastructure.csproj", "{CE1652F5-13C5-4620-9BEC-97A0FFACF687}"
EndProject
Project("{FAE04EC0-301F-11D3-BF4B-00C04F79EFBC}") = "Wasta.WebApi", "src\Wasta.WebApi\Wasta.WebApi.csproj", "{D5385F79-D9B2-4D78-A537-43793910ADAA}"
EndProject
Project("{FAE04EC0-301F-11D3-BF4B-00C04F79EFBC}") = "Wasta.Architecture.Tests", "tests\Wasta.Architecture.Tests\Wasta.Architecture.Tests.csproj", "{77B0542F-FB0F-48BB-A439-7C196C5CE41D}"
EndProject
Project("{FAE04EC0-301F-11D3-BF4B-00C04F79EFBC}") = "Wasta.Api.IntegrationTests", "tests\Wasta.Api.IntegrationTests\Wasta.Api.IntegrationTests.csproj", "{CFD4DDA5-4FED-425F-B69A-031B326AD5D9}"
EndProject
Global
	GlobalSection(SolutionConfigurationPlatforms) = preSolution
		Debug|Any CPU = Debug|Any CPU
		Release|Any CPU = Release|Any CPU
	EndGlobalSection
	GlobalSection(SolutionProperties) = preSolution
		HideSolutionNode = FALSE
	EndGlobalSection
	GlobalSection(ProjectConfigurationPlatforms) = postSolution
		{C5888B0B-BA50-449B-8B9A-78834869267A}.Debug|Any CPU.ActiveCfg = Debug|Any CPU
		{C5888B0B-BA50-449B-8B9A-78834869267A}.Debug|Any CPU.Build.0 = Debug|Any CPU
		{C5888B0B-BA50-449B-8B9A-78834869267A}.Release|Any CPU.ActiveCfg = Release|Any CPU
		{C5888B0B-BA50-449B-8B9A-78834869267A}.Release|Any CPU.Build.0 = Release|Any CPU
		{B3022286-F69A-4578-AF2C-FE6864D90702}.Debug|Any CPU.ActiveCfg = Debug|Any CPU
		{B3022286-F69A-4578-AF2C-FE6864D90702}.Debug|Any CPU.Build.0 = Debug|Any CPU
		{B3022286-F69A-4578-AF2C-FE6864D90702}.Release|Any CPU.ActiveCfg = Release|Any CPU
		{B3022286-F69A-4578-AF2C-FE6864D90702}.Release|Any CPU.Build.0 = Release|Any CPU
		{24F94D6C-C557-4A19-A8BE-2B665C721498}.Debug|Any CPU.ActiveCfg = Debug|Any CPU
		{24F94D6C-C557-4A19-A8BE-2B665C721498}.Debug|Any CPU.Build.0 = Debug|Any CPU
		{24F94D6C-C557-4A19-A8BE-2B665C721498}.Release|Any CPU.ActiveCfg = Release|Any CPU
		{24F94D6C-C557-4A19-A8BE-2B665C721498}.Release|Any CPU.Build.0 = Release|Any CPU
		{13C46769-F59C-4263-96F6-27EB22BFEC2A}.Debug|Any CPU.ActiveCfg = Debug|Any CPU
		{13C46769-F59C-4263-96F6-27EB22BFEC2A}.Debug|Any CPU.Build.0 = Debug|Any CPU
		{13C46769-F59C-4263-96F6-27EB22BFEC2A}.Release|Any CPU.ActiveCfg = Release|Any CPU
		{13C46769-F59C-4263-96F6-27EB22BFEC2A}.Release|Any CPU.Build.0 = Release|Any CPU
		{303DD404-1391-4B4A-B55D-07358D34E917}.Debug|Any CPU.ActiveCfg = Debug|Any CPU
		{303DD404-1391-4B4A-B55D-07358D34E917}.Debug|Any CPU.Build.0 = Debug|Any CPU
		{303DD404-1391-4B4A-B55D-07358D34E917}.Release|Any CPU.ActiveCfg = Release|Any CPU
		{303DD404-1391-4B4A-B55D-07358D34E917}.Release|Any CPU.Build.0 = Release|Any CPU
		{2CD2E99E-4171-4A5D-9150-F355B055960F}.Debug|Any CPU.ActiveCfg = Debug|Any CPU
		{2CD2E99E-4171-4A5D-9150-F355B055960F}.Debug|Any CPU.Build.0 = Debug|Any CPU
		{2CD2E99E-4171-4A5D-9150-F355B055960F}.Release|Any CPU.ActiveCfg = Release|Any CPU
		{2CD2E99E-4171-4A5D-9150-F355B055960F}.Release|Any CPU.Build.0 = Release|Any CPU
		{F19729E1-C4F3-40D0-B3A6-B085B390BCD3}.Debug|Any CPU.ActiveCfg = Debug|Any CPU
		{F19729E1-C4F3-40D0-B3A6-B085B390BCD3}.Debug|Any CPU.Build.0 = Debug|Any CPU
		{F19729E1-C4F3-40D0-B3A6-B085B390BCD3}.Release|Any CPU.ActiveCfg = Release|Any CPU
		{F19729E1-C4F3-40D0-B3A6-B085B390BCD3}.Release|Any CPU.Build.0 = Release|Any CPU
		{9C02CF82-F405-4D4A-9FCC-BD32851C2A24}.Debug|Any CPU.ActiveCfg = Debug|Any CPU
		{9C02CF82-F405-4D4A-9FCC-BD32851C2A24}.Debug|Any CPU.Build.0 = Debug|Any CPU
		{9C02CF82-F405-4D4A-9FCC-BD32851C2A24}.Release|Any CPU.ActiveCfg = Release|Any CPU
		{9C02CF82-F405-4D4A-9FCC-BD32851C2A24}.Release|Any CPU.Build.0 = Release|Any CPU
		{CE1652F5-13C5-4620-9BEC-97A0FFACF687}.Debug|Any CPU.ActiveCfg = Debug|Any CPU
		{CE1652F5-13C5-4620-9BEC-97A0FFACF687}.Debug|Any CPU.Build.0 = Debug|Any CPU
		{CE1652F5-13C5-4620-9BEC-97A0FFACF687}.Release|Any CPU.ActiveCfg = Release|Any CPU
		{CE1652F5-13C5-4620-9BEC-97A0FFACF687}.Release|Any CPU.Build.0 = Release|Any CPU
		{D5385F79-D9B2-4D78-A537-43793910ADAA}.Debug|Any CPU.ActiveCfg = Debug|Any CPU
		{D5385F79-D9B2-4D78-A537-43793910ADAA}.Debug|Any CPU.Build.0 = Debug|Any CPU
		{D5385F79-D9B2-4D78-A537-43793910ADAA}.Release|Any CPU.ActiveCfg = Release|Any CPU
		{D5385F79-D9B2-4D78-A537-43793910ADAA}.Release|Any CPU.Build.0 = Release|Any CPU
		{77B0542F-FB0F-48BB-A439-7C196C5CE41D}.Debug|Any CPU.ActiveCfg = Debug|Any CPU
		{77B0542F-FB0F-48BB-A439-7C196C5CE41D}.Debug|Any CPU.Build.0 = Debug|Any CPU
		{77B0542F-FB0F-48BB-A439-7C196C5CE41D}.Release|Any CPU.ActiveCfg = Release|Any CPU
		{77B0542F-FB0F-48BB-A439-7C196C5CE41D}.Release|Any CPU.Build.0 = Release|Any CPU
		{CFD4DDA5-4FED-425F-B69A-031B326AD5D9}.Debug|Any CPU.ActiveCfg = Debug|Any CPU
		{CFD4DDA5-4FED-425F-B69A-031B326AD5D9}.Debug|Any CPU.Build.0 = Debug|Any CPU
		{CFD4DDA5-4FED-425F-B69A-031B326AD5D9}.Release|Any CPU.ActiveCfg = Release|Any CPU
		{CFD4DDA5-4FED-425F-B69A-031B326AD5D9}.Release|Any CPU.Build.0 = Release|Any CPU
	EndGlobalSection
	GlobalSection(NestedProjects) = preSolution
		{C5888B0B-BA50-449B-8B9A-78834869267A} = {35ECC1FC-5E2A-4372-8DB1-DC3CCF41C6B2}
		{B3022286-F69A-4578-AF2C-FE6864D90702} = {35ECC1FC-5E2A-4372-8DB1-DC3CCF41C6B2}
		{24F94D6C-C557-4A19-A8BE-2B665C721498} = {35ECC1FC-5E2A-4372-8DB1-DC3CCF41C6B2}
		{13C46769-F59C-4263-96F6-27EB22BFEC2A} = {35ECC1FC-5E2A-4372-8DB1-DC3CCF41C6B2}
		{303DD404-1391-4B4A-B55D-07358D34E917} = {95896C65-8860-4ED2-8438-998FA4939F48}
		{2CD2E99E-4171-4A5D-9150-F355B055960F} = {95896C65-8860-4ED2-8438-998FA4939F48}
		{F19729E1-C4F3-40D0-B3A6-B085B390BCD3} = {35ECC1FC-5E2A-4372-8DB1-DC3CCF41C6B2}
		{9C02CF82-F405-4D4A-9FCC-BD32851C2A24} = {35ECC1FC-5E2A-4372-8DB1-DC3CCF41C6B2}
		{CE1652F5-13C5-4620-9BEC-97A0FFACF687} = {35ECC1FC-5E2A-4372-8DB1-DC3CCF41C6B2}
		{D5385F79-D9B2-4D78-A537-43793910ADAA} = {35ECC1FC-5E2A-4372-8DB1-DC3CCF41C6B2}
		{77B0542F-FB0F-48BB-A439-7C196C5CE41D} = {95896C65-8860-4ED2-8438-998FA4939F48}
		{CFD4DDA5-4FED-425F-B69A-031B326AD5D9} = {95896C65-8860-4ED2-8438-998FA4939F48}
	EndGlobalSection
EndGlobal
